
Microsoft Visual Studio Solution File, Format Version 12.00
# Visual Studio Version 16
VisualStudioVersion = 16.0.30002.166
MinimumVisualStudioVersion = 10.0.40219.1
Project("{FAE04EC0-301F-11D3-BF4B-00C04F79EFBC}") = "SendMailUsingCoreMvc", "SendMailUsingCoreMvc\SendMailUsingCoreMvc.csproj", "{705AF92A-086C-486B-B06C-EAA75347C50A}"
EndProject
Global
	GlobalSection(SolutionConfigurationPlatforms) = preSolution
		Debug|Any CPU = Debug|Any CPU
		Release|Any CPU = Release|Any CPU
	EndGlobalSection
	GlobalSection(ProjectConfigurationPlatforms) = postSolution
		{705AF92A-086C-486B-B06C-EAA75347C50A}.Debug|Any CPU.ActiveCfg = Debug|Any CPU
		{705AF92A-086C-486B-B06C-EAA75347C50A}.Debug|Any CPU.Build.0 = Debug|Any CPU
		{705AF92A-086C-486B-B06C-EAA75347C50A}.Release|Any CPU.ActiveCfg = Release|Any CPU
		{705AF92A-086C-486B-B06C-EAA75347C50A}.Release|Any CPU.Build.0 = Release|Any CPU
	EndGlobalSection
	GlobalSection(SolutionProperties) = preSolution
		HideSolutionNode = FALSE
	EndGlobalSection
	GlobalSection(ExtensibilityGlobals) = postSolution
		SolutionGuid = {880745BF-4B2D-42DB-898F-1D061FE75AFE}
	EndGlobalSection
EndGlobal
